<?xml version="1.0" encoding="utf-8"?>
<Project ToolsVersion="17.0" xmlns="http://schemas.microsoft.com/developer/msbuild/2003">
  <ItemGroup>
    <CustomBuild Include="C:\src\OpenGL\NeHe_Lesson07-master\build.cmake\VS2022X64\CMakeFiles\821ef90ca920745c138b411bf0febfb0\generate.stamp.rule">
      <Filter>CMake Rules</Filter>
    </CustomBuild>
  </ItemGroup>
  <ItemGroup>
    <Filter Include="CMake Rules">
      <UniqueIdentifier>{E8377EF4-4F1A-3B30-AFD5-C2D5FA1B901E}</UniqueIdentifier>
    </Filter>
  </ItemGroup>
</Project>
